
Microsoft Visual Studio Solution File, Format Version 12.00
# Visual Studio 15
VisualStudioVersion = 15.0.28307.1585
MinimumVisualStudioVersion = 10.0.40219.1
Project("{FAE04EC0-301F-11D3-BF4B-00C04F79EFBC}") = "测试提交git", "测试提交git\测试提交git.csproj", "{820A27A7-422A-4F3C-9FB4-654914B26284}"
EndProject
Project("{FAE04EC0-301F-11D3-BF4B-00C04F79EFBC}") = "测试同步2", "测试同步2\测试同步2.csproj", "{00D48BF5-C9E9-418B-893A-44533E54A0E2}"
EndProject
Global
	GlobalSection(SolutionConfigurationPlatforms) = preSolution
		Debug|Any CPU = Debug|Any CPU
		Release|Any CPU = Release|Any CPU
	EndGlobalSection
	GlobalSection(ProjectConfigurationPlatforms) = postSolution
		{820A27A7-422A-4F3C-9FB4-654914B26284}.Debug|Any CPU.ActiveCfg = Debug|Any CPU
		{820A27A7-422A-4F3C-9FB4-654914B26284}.Debug|Any CPU.Build.0 = Debug|Any CPU
		{820A27A7-422A-4F3C-9FB4-654914B26284}.Release|Any CPU.ActiveCfg = Release|Any CPU
		{820A27A7-422A-4F3C-9FB4-654914B26284}.Release|Any CPU.Build.0 = Release|Any CPU
		{00D48BF5-C9E9-418B-893A-44533E54A0E2}.Debug|Any CPU.ActiveCfg = Debug|Any CPU
		{00D48BF5-C9E9-418B-893A-44533E54A0E2}.Debug|Any CPU.Build.0 = Debug|Any CPU
		{00D48BF5-C9E9-418B-893A-44533E54A0E2}.Release|Any CPU.ActiveCfg = Release|Any CPU
		{00D48BF5-C9E9-418B-893A-44533E54A0E2}.Release|Any CPU.Build.0 = Release|Any CPU
	EndGlobalSection
	GlobalSection(SolutionProperties) = preSolution
		HideSolutionNode = FALSE
	EndGlobalSection
	GlobalSection(ExtensibilityGlobals) = postSolution
		SolutionGuid = {4007AC88-9E03-4FBE-B5C5-91967B37A815}
	EndGlobalSection
EndGlobal
